
Microsoft Visual Studio Solution File, Format Version 12.00
# Visual Studio Version 17
VisualStudioVersion = 17.9.34701.34
MinimumVisualStudioVersion = 10.0.40219.1
Project("{FAE04EC0-301F-11D3-BF4B-00C04F79EFBC}") = "final", "final\final.csproj", "{C03CCF55-2469-48D6-A081-3B1B924687BD}"
EndProject
Global
	GlobalSection(SolutionConfigurationPlatforms) = preSolution
		Debug|Any CPU = Debug|Any CPU
		Release|Any CPU = Release|Any CPU
	EndGlobalSection
	GlobalSection(ProjectConfigurationPlatforms) = postSolution
		{C03CCF55-2469-48D6-A081-3B1B924687BD}.Debug|Any CPU.ActiveCfg = Debug|Any CPU
		{C03CCF55-2469-48D6-A081-3B1B924687BD}.Debug|Any CPU.Build.0 = Debug|Any CPU
		{C03CCF55-2469-48D6-A081-3B1B924687BD}.Release|Any CPU.ActiveCfg = Release|Any CPU
		{C03CCF55-2469-48D6-A081-3B1B924687BD}.Release|Any CPU.Build.0 = Release|Any CPU
	EndGlobalSection
	GlobalSection(SolutionProperties) = preSolution
		HideSolutionNode = FALSE
	EndGlobalSection
	GlobalSection(ExtensibilityGlobals) = postSolution
		SolutionGuid = {032FA4F0-A926-4BC7-A3DB-9473981EDB39}
	EndGlobalSection
EndGlobal
